
Microsoft Visual Studio Solution File, Format Version 12.00
# Visual Studio Version 17
VisualStudioVersion = 17.11.35312.102
MinimumVisualStudioVersion = 10.0.40219.1
Project("{FAE04EC0-301F-11D3-BF4B-00C04F79EFBC}") = "Ejie's_Payroll_Management_System", "Ejie's_Payroll_Management_System.csproj", "{0367B227-EF20-4D09-B842-F19B7752E3BE}"
EndProject
Global
	GlobalSection(SolutionConfigurationPlatforms) = preSolution
		Debug|Any CPU = Debug|Any CPU
		Release|Any CPU = Release|Any CPU
	EndGlobalSection
	GlobalSection(ProjectConfigurationPlatforms) = postSolution
		{0367B227-EF20-4D09-B842-F19B7752E3BE}.Debug|Any CPU.ActiveCfg = Debug|Any CPU
		{0367B227-EF20-4D09-B842-F19B7752E3BE}.Debug|Any CPU.Build.0 = Debug|Any CPU
		{0367B227-EF20-4D09-B842-F19B7752E3BE}.Release|Any CPU.ActiveCfg = Release|Any CPU
		{0367B227-EF20-4D09-B842-F19B7752E3BE}.Release|Any CPU.Build.0 = Release|Any CPU
	EndGlobalSection
	GlobalSection(SolutionProperties) = preSolution
		HideSolutionNode = FALSE
	EndGlobalSection
	GlobalSection(ExtensibilityGlobals) = postSolution
		SolutionGuid = {CAA88967-2CD7-4728-8616-A73805D5DCD9}
	EndGlobalSection
EndGlobal
